
Microsoft Visual Studio Solution File, Format Version 12.00
# Visual Studio 15
VisualStudioVersion = 15.0.26124.0
MinimumVisualStudioVersion = 15.0.26124.0
Project("{2150E333-8FDC-42A3-9474-1A3956D46DE8}") = "src", "src", "{CD2A08F3-3292-4AF3-B744-6D82D238C751}"
EndProject
Project("{FAE04EC0-301F-11D3-BF4B-00C04F79EFBC}") = "PalTracker", "src\PalTracker\PalTracker.csproj", "{0027C145-4BBC-4612-A756-49C3846DC062}"
EndProject
Project("{2150E333-8FDC-42A3-9474-1A3956D46DE8}") = "test", "test", "{6E365125-55C2-4205-AE4D-1DEB2735CB25}"
EndProject
Project("{FAE04EC0-301F-11D3-BF4B-00C04F79EFBC}") = "PalTrackerTests", "test\PalTrackerTests\PalTrackerTests.csproj", "{56664D74-1047-4745-BEA7-E016E9E0ED6A}"
EndProject
Global
	GlobalSection(SolutionConfigurationPlatforms) = preSolution
		Debug|Any CPU = Debug|Any CPU
		Debug|x64 = Debug|x64
		Debug|x86 = Debug|x86
		Release|Any CPU = Release|Any CPU
		Release|x64 = Release|x64
		Release|x86 = Release|x86
	EndGlobalSection
	GlobalSection(SolutionProperties) = preSolution
		HideSolutionNode = FALSE
	EndGlobalSection
	GlobalSection(ProjectConfigurationPlatforms) = postSolution
		{0027C145-4BBC-4612-A756-49C3846DC062}.Debug|Any CPU.ActiveCfg = Debug|Any CPU
		{0027C145-4BBC-4612-A756-49C3846DC062}.Debug|Any CPU.Build.0 = Debug|Any CPU
		{0027C145-4BBC-4612-A756-49C3846DC062}.Debug|x64.ActiveCfg = Debug|Any CPU
		{0027C145-4BBC-4612-A756-49C3846DC062}.Debug|x64.Build.0 = Debug|Any CPU
		{0027C145-4BBC-4612-A756-49C3846DC062}.Debug|x86.ActiveCfg = Debug|Any CPU
		{0027C145-4BBC-4612-A756-49C3846DC062}.Debug|x86.Build.0 = Debug|Any CPU
		{0027C145-4BBC-4612-A756-49C3846DC062}.Release|Any CPU.ActiveCfg = Release|Any CPU
		{0027C145-4BBC-4612-A756-49C3846DC062}.Release|Any CPU.Build.0 = Release|Any CPU
		{0027C145-4BBC-4612-A756-49C3846DC062}.Release|x64.ActiveCfg = Release|Any CPU
		{0027C145-4BBC-4612-A756-49C3846DC062}.Release|x64.Build.0 = Release|Any CPU
		{0027C145-4BBC-4612-A756-49C3846DC062}.Release|x86.ActiveCfg = Release|Any CPU
		{0027C145-4BBC-4612-A756-49C3846DC062}.Release|x86.Build.0 = Release|Any CPU
		{56664D74-1047-4745-BEA7-E016E9E0ED6A}.Debug|Any CPU.ActiveCfg = Debug|Any CPU
		{56664D74-1047-4745-BEA7-E016E9E0ED6A}.Debug|Any CPU.Build.0 = Debug|Any CPU
		{56664D74-1047-4745-BEA7-E016E9E0ED6A}.Debug|x64.ActiveCfg = Debug|Any CPU
		{56664D74-1047-4745-BEA7-E016E9E0ED6A}.Debug|x64.Build.0 = Debug|Any CPU
		{56664D74-1047-4745-BEA7-E016E9E0ED6A}.Debug|x86.ActiveCfg = Debug|Any CPU
		{56664D74-1047-4745-BEA7-E016E9E0ED6A}.Debug|x86.Build.0 = Debug|Any CPU
		{56664D74-1047-4745-BEA7-E016E9E0ED6A}.Release|Any CPU.ActiveCfg = Release|Any CPU
		{56664D74-1047-4745-BEA7-E016E9E0ED6A}.Release|Any CPU.Build.0 = Release|Any CPU
		{56664D74-1047-4745-BEA7-E016E9E0ED6A}.Release|x64.ActiveCfg = Release|Any CPU
		{56664D74-1047-4745-BEA7-E016E9E0ED6A}.Release|x64.Build.0 = Release|Any CPU
		{56664D74-1047-4745-BEA7-E016E9E0ED6A}.Release|x86.ActiveCfg = Release|Any CPU
		{56664D74-1047-4745-BEA7-E016E9E0ED6A}.Release|x86.Build.0 = Release|Any CPU
	EndGlobalSection
	GlobalSection(NestedProjects) = preSolution
		{0027C145-4BBC-4612-A756-49C3846DC062} = {CD2A08F3-3292-4AF3-B744-6D82D238C751}
		{56664D74-1047-4745-BEA7-E016E9E0ED6A} = {6E365125-55C2-4205-AE4D-1DEB2735CB25}
	EndGlobalSection
EndGlobal
